
Microsoft Visual Studio Solution File, Format Version 12.00
# Visual Studio Version 17
VisualStudioVersion = 17.14.36511.14 d17.14
MinimumVisualStudioVersion = 10.0.40219.1
Project("{FAE04EC0-301F-11D3-BF4B-00C04F79EFBC}") = "oop-2025-10-07-b-strings-files-75632", "oop-2025-10-07-b-strings-files-75632\oop-2025-10-07-b-strings-files-75632.csproj", "{5EC38F9E-EA50-45C6-98F4-1EF979F9D543}"
EndProject
Global
	GlobalSection(SolutionConfigurationPlatforms) = preSolution
		Debug|Any CPU = Debug|Any CPU
		Release|Any CPU = Release|Any CPU
	EndGlobalSection
	GlobalSection(ProjectConfigurationPlatforms) = postSolution
		{5EC38F9E-EA50-45C6-98F4-1EF979F9D543}.Debug|Any CPU.ActiveCfg = Debug|Any CPU
		{5EC38F9E-EA50-45C6-98F4-1EF979F9D543}.Debug|Any CPU.Build.0 = Debug|Any CPU
		{5EC38F9E-EA50-45C6-98F4-1EF979F9D543}.Release|Any CPU.ActiveCfg = Release|Any CPU
		{5EC38F9E-EA50-45C6-98F4-1EF979F9D543}.Release|Any CPU.Build.0 = Release|Any CPU
	EndGlobalSection
	GlobalSection(SolutionProperties) = preSolution
		HideSolutionNode = FALSE
	EndGlobalSection
	GlobalSection(ExtensibilityGlobals) = postSolution
		SolutionGuid = {C4831AEC-CCEF-40DE-91C5-C7E59FFB1AF5}
	EndGlobalSection
EndGlobal
